
Microsoft Visual Studio Solution File, Format Version 12.00
# Visual Studio 14
VisualStudioVersion = 14.0.25123.0
MinimumVisualStudioVersion = 10.0.40219.1
Project("{C28222A0-58E6-4190-9AC7-E53E8104885A}") = "Sitecore.Support.224397", "Sitecore.Support.224397\Sitecore.Support.224397.csproj", "{C6125DA8-2706-4622-A874-C02A96D76395}"
EndProject
Global
	GlobalSection(SolutionConfigurationPlatforms) = preSolution
		Debug|Any CPU = Debug|Any CPU
		Release|Any CPU = Release|Any CPU
	EndGlobalSection
	GlobalSection(ProjectConfigurationPlatforms) = postSolution
		{C6125DA8-2706-4622-A874-C02A96D76395}.Debug|Any CPU.ActiveCfg = Debug|Any CPU
		{C6125DA8-2706-4622-A874-C02A96D76395}.Debug|Any CPU.Build.0 = Debug|Any CPU
		{C6125DA8-2706-4622-A874-C02A96D76395}.Release|Any CPU.ActiveCfg = Release|Any CPU
		{C6125DA8-2706-4622-A874-C02A96D76395}.Release|Any CPU.Build.0 = Release|Any CPU
	EndGlobalSection
	GlobalSection(SolutionProperties) = preSolution
		HideSolutionNode = FALSE
	EndGlobalSection
EndGlobal
